
Microsoft Visual Studio Solution File, Format Version 12.00
# Visual Studio Version 17
VisualStudioVersion = 17.5.002.0
MinimumVisualStudioVersion = 10.0.40219.1
Project("{9A19103F-16F7-4668-BE54-9A1E7A4F7556}") = "Inheritance", "Inheritance.csproj", "{C5D851A5-AF23-4410-866B-99B2B79B0D93}"
EndProject
Global
	GlobalSection(SolutionConfigurationPlatforms) = preSolution
		Debug|Any CPU = Debug|Any CPU
		Release|Any CPU = Release|Any CPU
	EndGlobalSection
	GlobalSection(ProjectConfigurationPlatforms) = postSolution
		{C5D851A5-AF23-4410-866B-99B2B79B0D93}.Debug|Any CPU.ActiveCfg = Debug|Any CPU
		{C5D851A5-AF23-4410-866B-99B2B79B0D93}.Debug|Any CPU.Build.0 = Debug|Any CPU
		{C5D851A5-AF23-4410-866B-99B2B79B0D93}.Release|Any CPU.ActiveCfg = Release|Any CPU
		{C5D851A5-AF23-4410-866B-99B2B79B0D93}.Release|Any CPU.Build.0 = Release|Any CPU
	EndGlobalSection
	GlobalSection(SolutionProperties) = preSolution
		HideSolutionNode = FALSE
	EndGlobalSection
	GlobalSection(ExtensibilityGlobals) = postSolution
		SolutionGuid = {56746EBA-D49E-4918-8310-339096CFC96D}
	EndGlobalSection
EndGlobal
